
Microsoft Visual Studio Solution File, Format Version 12.00
# Visual Studio Version 17
VisualStudioVersion = 17.5.002.0
MinimumVisualStudioVersion = 10.0.40219.1
Project("{9A19103F-16F7-4668-BE54-9A1E7A4F7556}") = "DesafioPOO", "DesafioPOO.csproj", "{1BDDCE3C-4776-48C7-AA71-987FE304135B}"
EndProject
Global
	GlobalSection(SolutionConfigurationPlatforms) = preSolution
		Debug|Any CPU = Debug|Any CPU
		Release|Any CPU = Release|Any CPU
	EndGlobalSection
	GlobalSection(ProjectConfigurationPlatforms) = postSolution
		{1BDDCE3C-4776-48C7-AA71-987FE304135B}.Debug|Any CPU.ActiveCfg = Debug|Any CPU
		{1BDDCE3C-4776-48C7-AA71-987FE304135B}.Debug|Any CPU.Build.0 = Debug|Any CPU
		{1BDDCE3C-4776-48C7-AA71-987FE304135B}.Release|Any CPU.ActiveCfg = Release|Any CPU
		{1BDDCE3C-4776-48C7-AA71-987FE304135B}.Release|Any CPU.Build.0 = Release|Any CPU
	EndGlobalSection
	GlobalSection(SolutionProperties) = preSolution
		HideSolutionNode = FALSE
	EndGlobalSection
	GlobalSection(ExtensibilityGlobals) = postSolution
		SolutionGuid = {06CAE093-DDF0-4294-B04B-38F047069B70}
	EndGlobalSection
EndGlobal
